
Microsoft Visual Studio Solution File, Format Version 12.00
Project("{FAE04EC0-301F-11D3-BF4B-00C04F79EFBC}") = "HtmlPdfBox", "HtmlPdfBox\HtmlPdfBox.csproj", "{DD1CF226-86F3-4DFD-B413-7BE18EF650D3}"
EndProject
Project("{2150E333-8FDC-42A3-9474-1A3956D46DE8}") = "Solution Items", "Solution Items", "{759DF645-97A0-4124-B4D3-744BF0559F90}"
	ProjectSection(SolutionItems) = preProject
		docker-compose.yml = docker-compose.yml
		README.MD = README.MD
	EndProjectSection
EndProject
Global
	GlobalSection(SolutionConfigurationPlatforms) = preSolution
		Debug|Any CPU = Debug|Any CPU
		Release|Any CPU = Release|Any CPU
	EndGlobalSection
	GlobalSection(ProjectConfigurationPlatforms) = postSolution
		{DD1CF226-86F3-4DFD-B413-7BE18EF650D3}.Debug|Any CPU.ActiveCfg = Debug|Any CPU
		{DD1CF226-86F3-4DFD-B413-7BE18EF650D3}.Debug|Any CPU.Build.0 = Debug|Any CPU
		{DD1CF226-86F3-4DFD-B413-7BE18EF650D3}.Release|Any CPU.ActiveCfg = Release|Any CPU
		{DD1CF226-86F3-4DFD-B413-7BE18EF650D3}.Release|Any CPU.Build.0 = Release|Any CPU
	EndGlobalSection
EndGlobal
